github.com/CaiJimmy/hugo-theme-stack/v3 v3.21.0 h1:GT519sWiMhJCYO2xkxgjTvgGZsfP31Q79OURWGTT8/Y=
github.com/CaiJimmy/hugo-theme-stack/v3 v3.21.0/go.mod h1:IPmCXiIxlFSLFYS0tOmYP6ySLviyeNVSabyvSuaxD+I=
github.com/CaiJimmy/hugo-theme-stack/v3 v3.22.0 h1:cCY0XV13flJICqJ9b6LLfQOL5JxmDCll8Jn3GyMEtrI=
github.com/CaiJimmy/hugo-theme-stack/v3 v3.22.0/go.mod h1:IPmCXiIxlFSLFYS0tOmYP6ySLviyeNVSabyvSuaxD+I=
github.com/CaiJimmy/hugo-theme-stack/v3 v3.23.0 h1:0DSfsDqHgniwQIMpgOnHWisMtW7YsEPNpW9OJ2ZdR3w=
github.com/CaiJimmy/hugo-theme-stack/v3 v3.23.0/go.mod h1:IPmCXiIxlFSLFYS0tOmYP6ySLviyeNVSabyvSuaxD+I=
github.com/CaiJimmy/hugo-theme-stack/v3 v3.24.0 h1:lDj9XMWgrT8vn6qUv5ckFP+VDNWhKAIj/xhzwkXgkT8=
github.com/CaiJimmy/hugo-theme-stack/v3 v3.24.0/go.mod h1:IPmCXiIxlFSLFYS0tOmYP6ySLviyeNVSabyvSuaxD+I=
github.com/CaiJimmy/hugo-theme-stack/v3 v3.24.1 h1:YN28bQpnt4nNzoRxgjsFeNf8B0jwOIB6EAUbelidp/I=
github.com/CaiJimmy/hugo-theme-stack/v3 v3.24.1/go.mod h1:IPmCXiIxlFSLFYS0tOmYP6ySLviyeNVSabyvSuaxD+I=
github.com/CaiJimmy/hugo-theme-stack/v3 v3.24.2 h1:Z7Wyz2/mh0ZCYIz24Ei9GrTi+Rwrr9SyVtiDoaAz3kc=
github.com/CaiJimmy/hugo-theme-stack/v3 v3.24.2/go.mod h1:IPmCXiIxlFSLFYS0tOmYP6ySLviyeNVSabyvSuaxD+I=
